
Microsoft Visual Studio Solution File, Format Version 12.00
# Visual Studio Version 16
VisualStudioVersion = 16.0.29009.5
MinimumVisualStudioVersion = 10.0.40219.1
Project("{9A19103F-16F7-4668-BE54-9A1E7A4F7556}") = "AFRocketScienceStandard", "DotNetStandardLibrary\AFRocketScienceStandard.csproj", "{ED25B825-ACF3-4C79-8E4F-D9C9F795CF1F}"
EndProject
Project("{FAE04EC0-301F-11D3-BF4B-00C04F79EFBC}") = "TestsForAFRocketScienceFramework", "..\tests\TestsForAFRocketScienceFramework\TestsForAFRocketScienceFramework.csproj", "{BB6A596A-07FA-4A3C-BBA1-224A28A5669E}"
EndProject
Project("{FAE04EC0-301F-11D3-BF4B-00C04F79EFBC}") = "AFRocketScienceDotnetFramework", "AFRocketScienceDotnetFramework\AFRocketScienceDotnetFramework.csproj", "{42469803-A212-453A-994B-0E969B23390F}"
EndProject
Project("{D954291E-2A0B-460D-934E-DC6B0785DB48}") = "AFRocketScienceShared", "AFRocketScienceShared\AFRocketScienceShared.shproj", "{A041B725-AD2E-4093-9160-E489C3A3A332}"
EndProject
Project("{2150E333-8FDC-42A3-9474-1A3956D46DE8}") = "SolutionItems", "SolutionItems", "{FE17E9EB-1D54-45F9-9273-FE083660FD16}"
	ProjectSection(SolutionItems) = preProject
		TODO.txt = TODO.txt
	EndProjectSection
EndProject
Project("{9A19103F-16F7-4668-BE54-9A1E7A4F7556}") = "TriggerExample", "Examples\SimpleHttpTrigger\TriggerExample\TriggerExample.csproj", "{B391F4CF-0CAB-4001-9788-D5238D578094}"
EndProject
Project("{9A19103F-16F7-4668-BE54-9A1E7A4F7556}") = "TriggerExampleServiceLibrary", "Examples\SimpleHttpTrigger\ServiceLibrary\TriggerExampleServiceLibrary.csproj", "{30250AFB-2EAC-42E4-8FAE-910A58EE63EB}"
EndProject
Global
	GlobalSection(SharedMSBuildProjectFiles) = preSolution
		AFRocketScienceShared\AFRocketScienceShared.projitems*{42469803-a212-453a-994b-0e969b23390f}*SharedItemsImports = 4
		AFRocketScienceShared\AFRocketScienceShared.projitems*{a041b725-ad2e-4093-9160-e489c3a3a332}*SharedItemsImports = 13
	EndGlobalSection
	GlobalSection(SolutionConfigurationPlatforms) = preSolution
		Debug|Any CPU = Debug|Any CPU
		Release|Any CPU = Release|Any CPU
	EndGlobalSection
	GlobalSection(ProjectConfigurationPlatforms) = postSolution
		{ED25B825-ACF3-4C79-8E4F-D9C9F795CF1F}.Debug|Any CPU.ActiveCfg = Debug|Any CPU
		{ED25B825-ACF3-4C79-8E4F-D9C9F795CF1F}.Debug|Any CPU.Build.0 = Debug|Any CPU
		{ED25B825-ACF3-4C79-8E4F-D9C9F795CF1F}.Release|Any CPU.ActiveCfg = Release|Any CPU
		{ED25B825-ACF3-4C79-8E4F-D9C9F795CF1F}.Release|Any CPU.Build.0 = Release|Any CPU
		{BB6A596A-07FA-4A3C-BBA1-224A28A5669E}.Debug|Any CPU.ActiveCfg = Debug|Any CPU
		{BB6A596A-07FA-4A3C-BBA1-224A28A5669E}.Debug|Any CPU.Build.0 = Debug|Any CPU
		{BB6A596A-07FA-4A3C-BBA1-224A28A5669E}.Release|Any CPU.ActiveCfg = Release|Any CPU
		{BB6A596A-07FA-4A3C-BBA1-224A28A5669E}.Release|Any CPU.Build.0 = Release|Any CPU
		{42469803-A212-453A-994B-0E969B23390F}.Debug|Any CPU.ActiveCfg = Debug|Any CPU
		{42469803-A212-453A-994B-0E969B23390F}.Debug|Any CPU.Build.0 = Debug|Any CPU
		{42469803-A212-453A-994B-0E969B23390F}.Release|Any CPU.ActiveCfg = Release|Any CPU
		{42469803-A212-453A-994B-0E969B23390F}.Release|Any CPU.Build.0 = Release|Any CPU
		{B391F4CF-0CAB-4001-9788-D5238D578094}.Debug|Any CPU.ActiveCfg = Debug|Any CPU
		{B391F4CF-0CAB-4001-9788-D5238D578094}.Debug|Any CPU.Build.0 = Debug|Any CPU
		{B391F4CF-0CAB-4001-9788-D5238D578094}.Release|Any CPU.ActiveCfg = Release|Any CPU
		{B391F4CF-0CAB-4001-9788-D5238D578094}.Release|Any CPU.Build.0 = Release|Any CPU
		{30250AFB-2EAC-42E4-8FAE-910A58EE63EB}.Debug|Any CPU.ActiveCfg = Debug|Any CPU
		{30250AFB-2EAC-42E4-8FAE-910A58EE63EB}.Debug|Any CPU.Build.0 = Debug|Any CPU
		{30250AFB-2EAC-42E4-8FAE-910A58EE63EB}.Release|Any CPU.ActiveCfg = Release|Any CPU
		{30250AFB-2EAC-42E4-8FAE-910A58EE63EB}.Release|Any CPU.Build.0 = Release|Any CPU
	EndGlobalSection
	GlobalSection(SolutionProperties) = preSolution
		HideSolutionNode = FALSE
	EndGlobalSection
	GlobalSection(ExtensibilityGlobals) = postSolution
		SolutionGuid = {13E93450-8126-4D14-A1EF-10FFB59BD8CF}
	EndGlobalSection
EndGlobal
